
Microsoft Visual Studio Solution File, Format Version 12.00
# Visual Studio Version 17
VisualStudioVersion = 17.0.31612.314
MinimumVisualStudioVersion = 10.0.40219.1
Project("{9A19103F-16F7-4668-BE54-9A1E7A4F7556}") = "CdwToPdf", "src\CdwToPdf\CdwToPdf.csproj", "{AB861093-48CA-4EC9-B3E0-9C95DE365A6F}"
EndProject
Project("{2150E333-8FDC-42A3-9474-1A3956D46DE8}") = "src", "src", "{691BDE34-E4DE-4C44-9030-9FEED6F86635}"
EndProject
Project("{2150E333-8FDC-42A3-9474-1A3956D46DE8}") = "test", "test", "{3A81C572-1872-4CED-BA0F-7DD243F5D33E}"
EndProject
Global
	GlobalSection(SolutionConfigurationPlatforms) = preSolution
		Debug|Any CPU = Debug|Any CPU
		Release|Any CPU = Release|Any CPU
	EndGlobalSection
	GlobalSection(ProjectConfigurationPlatforms) = postSolution
		{AB861093-48CA-4EC9-B3E0-9C95DE365A6F}.Debug|Any CPU.ActiveCfg = Debug|Any CPU
		{AB861093-48CA-4EC9-B3E0-9C95DE365A6F}.Debug|Any CPU.Build.0 = Debug|Any CPU
		{AB861093-48CA-4EC9-B3E0-9C95DE365A6F}.Release|Any CPU.ActiveCfg = Release|Any CPU
		{AB861093-48CA-4EC9-B3E0-9C95DE365A6F}.Release|Any CPU.Build.0 = Release|Any CPU
	EndGlobalSection
	GlobalSection(SolutionProperties) = preSolution
		HideSolutionNode = FALSE
	EndGlobalSection
	GlobalSection(NestedProjects) = preSolution
		{AB861093-48CA-4EC9-B3E0-9C95DE365A6F} = {691BDE34-E4DE-4C44-9030-9FEED6F86635}
	EndGlobalSection
	GlobalSection(ExtensibilityGlobals) = postSolution
		SolutionGuid = {C298AFFD-D04F-41DF-8851-5ACA7ED531C0}
	EndGlobalSection
EndGlobal
